// !$*UTF8*$!
{
	archiveVersion = 1;
	classes = {
	};
	objectVersion = 46;
	objects = {

/* Begin PBXBuildFile section */
		0F4237491664B77200259E43 /* UIKit.framework in Frameworks */ = {isa = PBXBuildFile; fileRef = 0F4237481664B77200259E43 /* UIKit.framework */; };
		0F42374B1664B77200259E43 /* Foundation.framework in Frameworks */ = {isa = PBXBuildFile; fileRef = 0F42374A1664B77200259E43 /* Foundation.framework */; };
		0F42374D1664B77200259E43 /* CoreGraphics.framework in Frameworks */ = {isa = PBXBuildFile; fileRef = 0F42374C1664B77200259E43 /* CoreGraphics.framework */; };
		0F4237531664B77200259E43 /* InfoPlist.strings in Resources */ = {isa = PBXBuildFile; fileRef = 0F4237511664B77200259E43 /* InfoPlist.strings */; };
		0F4237551664B77200259E43 /* main.m in Sources */ = {isa = PBXBuildFile; fileRef = 0F4237541664B77200259E43 /* main.m */; };
		0F4237591664B77200259E43 /* AppDelegate.m in Sources */ = {isa = PBXBuildFile; fileRef = 0F4237581664B77200259E43 /* AppDelegate.m */; };
/* End PBXBuildFile section */

/* Begin PBXFileReference section */
		0F4237441664B77200259E43 /* 万网.app */ = {isa = PBXFileReference; explicitFileType = wrapper.application; includeInIndex = 0; path = "万网.app"; sourceTree = BUILT_PRODUCTS_DIR; };
		0F4237481664B77200259E43 /* UIKit.framework */ = {isa = PBXFileReference; lastKnownFileType = wrapper.framework; name = UIKit.framework; path = System/Library/Frameworks/UIKit.framework; sourceTree = SDKROOT; };
		0F42374A1664B77200259E43 /* Foundation.framework */ = {isa = PBXFileReference; lastKnownFileType = wrapper.framework; name = Foundation.framework; path = System/Library/Frameworks/Foundation.framework; sourceTree = SDKROOT; };
		0F42374C1664B77200259E43 /* CoreGraphics.framework */ = {isa = PBXFileReference; lastKnownFileType = wrapper.framework; name = CoreGraphics.framework; path = System/Library/Frameworks/CoreGraphics.framework; sourceTree = SDKROOT; };
		0F4237501664B77200259E43 /* 万网-Info.plist */ = {isa = PBXFileReference; path = "万网-Info.plist"; sourceTree = "<group>"; };
		0F4237521664B77200259E43 /* en */ = {isa = PBXFileReference; lastKnownFileType = text.plist.strings; name = en; path = en.lproj/InfoPlist.strings; sourceTree = "<group>"; };
		0F4237541664B77200259E43 /* main.m */ = {isa = PBXFileReference; lastKnownFileType = sourcecode.c.objc; path = main.m; sourceTree = "<group>"; };
		0F4237561664B77200259E43 /* 万网-Prefix.pch */ = {isa = PBXFileReference; path = "万网-Prefix.pch"; sourceTree = "<group>"; };
		0F4237571664B77200259E43 /* AppDelegate.h */ = {isa = PBXFileReference; path = AppDelegate.h; sourceTree = "<group>"; };
		0F4237581664B77200259E43 /* AppDelegate.m */ = {isa = PBXFileReference; lastKnownFileType = sourcecode.c.objc; path = AppDelegate.m; sourceTree = "<group>"; };
/* End PBXFileReference section */

/* Begin PBXFrameworksBuildPhase section */
		0F4237411664B77200259E43 /* Frameworks */ = {
			isa = PBXFrameworksBuildPhase;
			buildActionMask = 2147483647;
			files = (
				0F4237491664B77200259E43 /* UIKit.framework in Frameworks */,
				0F42374B1664B77200259E43 /* Foundation.framework in Frameworks */,
				0F42374D1664B77200259E43 /* CoreGraphics.framework in Frameworks */,
			);
			runOnlyForDeploymentPostprocessing = 0;
		};
/* End PBXFrameworksBuildPhase section */

/* Begin PBXGroup section */
		0F4237391664B77100259E43 = {
			isa = PBXGroup;
			children = (
				0F42374E1664B77200259E43 /* 万网 */,
				0F4237471664B77200259E43 /* Frameworks */,
				0F4237451664B77200259E43 /* Products */,
			);
			sourceTree = "<group>";
		};
		0F4237451664B77200259E43 /* Products */ = {
			isa = PBXGroup;
			children = (
				0F4237441664B77200259E43 /* 万网.app */,
			);
			name = Products;
			sourceTree = "<group>";
		};
		0F4237471664B77200259E43 /* Frameworks */ = {
			isa = PBXGroup;
			children = (
				0F4237481664B77200259E43 /* UIKit.framework */,
				0F42374A1664B77200259E43 /* Foundation.framework */,
				0F42374C1664B77200259E43 /* CoreGraphics.framework */,
			);
			name = Frameworks;
			sourceTree = "<group>";
		};
		0F42374E1664B77200259E43 /* 万网 */ = {
			isa = PBXGroup;
			children = (
				0F4237571664B77200259E43 /* AppDelegate.h */,
				0F4237581664B77200259E43 /* AppDelegate.m */,
				0F42374F1664B77200259E43 /* Supporting Files */,
			);
			path = "万网";
			sourceTree = "<group>";
		};
		0F42374F1664B77200259E43 /* Supporting Files */ = {
			isa = PBXGroup;
			children = (
				0F4237501664B77200259E43 /* 万网-Info.plist */,
				0F4237511664B77200259E43 /* InfoPlist.strings */,
				0F4237541664B77200259E43 /* main.m */,
				0F4237561664B77200259E43 /* 万网-Prefix.pch */,
			);
			name = "Supporting Files";
			sourceTree = "<group>";
		};
/* End PBXGroup section */

/* Begin PBXNativeTarget section */
		0F4237431664B77200259E43 /* 万网 */ = {
			isa = PBXNativeTarget;
			buildConfigurationList = 0F42375C1664B77200259E43 /* Build configuration list for PBXNativeTarget "万网" */;
			buildPhases = (
				0F4237401664B77200259E43 /* Sources */,
				0F4237411664B77200259E43 /* Frameworks */,
				0F4237421664B77200259E43 /* Resources */,
			);
			buildRules = (
			);
			dependencies = (
			);
			name = "万网";
			productName = "万网";
			productReference = 0F4237441664B77200259E43 /* 万网.app */;
			productType = "com.apple.product-type.application";
		};
/* End PBXNativeTarget section */

/* Begin PBXProject section */
		0F42373B1664B77100259E43 /* Project object */ = {
			isa = PBXProject;
			attributes = {
				LastUpgradeCheck = 0420;
			};
			buildConfigurationList = 0F42373E1664B77100259E43 /* Build configuration list for PBXProject "万网" */;
			compatibilityVersion = "Xcode 3.2";
			developmentRegion = English;
			hasScannedForEncodings = 0;
			knownRegions = (
				en,
			);
			mainGroup = 0F4237391664B77100259E43;
			productRefGroup = 0F4237451664B77200259E43 /* Products */;
			projectDirPath = "";
			projectRoot = "";
			targets = (
				0F4237431664B77200259E43 /* 万网 */,
			);
		};
/* End PBXProject section */

/* Begin PBXResourcesBuildPhase section */
		0F4237421664B77200259E43 /* Resources */ = {
			isa = PBXResourcesBuildPhase;
			buildActionMask = 2147483647;
			files = (
				0F4237531664B77200259E43 /* InfoPlist.strings in Resources */,
			);
			runOnlyForDeploymentPostprocessing = 0;
		};
/* End PBXResourcesBuildPhase section */

/* Begin PBXSourcesBuildPhase section */
		0F4237401664B77200259E43 /* Sources */ = {
			isa = PBXSourcesBuildPhase;
			buildActionMask = 2147483647;
			files = (
				0F4237551664B77200259E43 /* main.m in Sources */,
				0F4237591664B77200259E43 /* AppDelegate.m in Sources */,
			);
			runOnlyForDeploymentPostprocessing = 0;
		};
/* End PBXSourcesBuildPhase section */

/* Begin PBXVariantGroup section */
		0F4237511664B77200259E43 /* InfoPlist.strings */ = {
			isa = PBXVariantGroup;
			children = (
				0F4237521664B77200259E43 /* en */,
			);
			name = InfoPlist.strings;
			sourceTree = "<group>";
		};
/* End PBXVariantGroup section */

/* Begin XCBuildConfiguration section */
		0F42375A1664B77200259E43 /* Debug */ = {
			isa = XCBuildConfiguration;
			buildSettings = {
				ALWAYS_SEARCH_USER_PATHS = NO;
				ARCHS = "$(ARCHS_STANDARD_32_BIT)";
				"CODE_SIGN_IDENTITY[sdk=iphoneos*]" = "iPhone Developer";
				COPY_PHASE_STRIP = NO;
				GCC_C_LANGUAGE_STANDARD = gnu99;
				GCC_DYNAMIC_NO_PIC = NO;
				GCC_OPTIMIZATION_LEVEL = 0;
				GCC_PREPROCESSOR_DEFINITIONS = (
					"DEBUG=1",
					"$(inherited)",
				);
				GCC_SYMBOLS_PRIVATE_EXTERN = NO;
				GCC_VERSION = com.apple.compilers.llvm.clang.1_0;
				GCC_WARN_ABOUT_MISSING_PROTOTYPES = YES;
				GCC_WARN_ABOUT_RETURN_TYPE = YES;
				GCC_WARN_UNUSED_VARIABLE = YES;
				IPHONEOS_DEPLOYMENT_TARGET = 5.0;
				SDKROOT = iphoneos;
			};
			name = Debug;
		};
		0F42375B1664B77200259E43 /* Release */ = {
			isa = XCBuildConfiguration;
			buildSettings = {
				ALWAYS_SEARCH_USER_PATHS = NO;
				ARCHS = "$(ARCHS_STANDARD_32_BIT)";
				"CODE_SIGN_IDENTITY[sdk=iphoneos*]" = "iPhone Developer";
				COPY_PHASE_STRIP = YES;
				GCC_C_LANGUAGE_STANDARD = gnu99;
				GCC_VERSION = com.apple.compilers.llvm.clang.1_0;
				GCC_WARN_ABOUT_MISSING_PROTOTYPES = YES;
				GCC_WARN_ABOUT_RETURN_TYPE = YES;
				GCC_WARN_UNUSED_VARIABLE = YES;
				IPHONEOS_DEPLOYMENT_TARGET = 5.0;
				OTHER_CFLAGS = "-DNS_BLOCK_ASSERTIONS=1";
				SDKROOT = iphoneos;
				VALIDATE_PRODUCT = YES;
			};
			name = Release;
		};
		0F42375D1664B77200259E43 /* Debug */ = {
			isa = XCBuildConfiguration;
			buildSettings = {
				GCC_PRECOMPILE_PREFIX_HEADER = YES;
				GCC_PREFIX_HEADER = "万网/万网-Prefix.pch";
				INFOPLIST_FILE = "万网/万网-Info.plist";
				PRODUCT_NAME = "$(TARGET_NAME)";
				WRAPPER_EXTENSION = app;
			};
			name = Debug;
		};
		0F42375E1664B77200259E43 /* Release */ = {
			isa = XCBuildConfiguration;
			buildSettings = {
				GCC_PRECOMPILE_PREFIX_HEADER = YES;
				GCC_PREFIX_HEADER = "万网/万网-Prefix.pch";
				INFOPLIST_FILE = "万网/万网-Info.plist";
				PRODUCT_NAME = "$(TARGET_NAME)";
				WRAPPER_EXTENSION = app;
			};
			name = Release;
		};
/* End XCBuildConfiguration section */

/* Begin XCConfigurationList section */
		0F42373E1664B77100259E43 /* Build configuration list for PBXProject "万网" */ = {
			isa = XCConfigurationList;
			buildConfigurations = (
				0F42375A1664B77200259E43 /* Debug */,
				0F42375B1664B77200259E43 /* Release */,
			);
			defaultConfigurationIsVisible = 0;
			defaultConfigurationName = Release;
		};
		0F42375C1664B77200259E43 /* Build configuration list for PBXNativeTarget "万网" */ = {
			isa = XCConfigurationList;
			buildConfigurations = (
				0F42375D1664B77200259E43 /* Debug */,
				0F42375E1664B77200259E43 /* Release */,
			);
			defaultConfigurationIsVisible = 0;
		};
/* End XCConfigurationList section */
	};
	rootObject = 0F42373B1664B77100259E43 /* Project object */;
}
